// !$*UTF8*$!
{
	archiveVersion = 1;
	classes = {
	};
	objectVersion = 55;
	objects = {

/* Begin PBXBuildFile section */
		0104270927F2CFFB00C1CD5D /* AppDelegate.swift in Sources */ = {isa = PBXBuildFile; fileRef = 0104270827F2CFFB00C1CD5D /* AppDelegate.swift */; };
		0104270B27F2CFFB00C1CD5D /* SceneDelegate.swift in Sources */ = {isa = PBXBuildFile; fileRef = 0104270A27F2CFFB00C1CD5D /* SceneDelegate.swift */; };
		0104270D27F2CFFB00C1CD5D /* ViewController.swift in Sources */ = {isa = PBXBuildFile; fileRef = 0104270C27F2CFFB00C1CD5D /* ViewController.swift */; };
		0104271027F2CFFB00C1CD5D /* Main.storyboard in Resources */ = {isa = PBXBuildFile; fileRef = 0104270E27F2CFFB00C1CD5D /* Main.storyboard */; };
		0104271227F2CFFC00C1CD5D /* Assets.xcassets in Resources */ = {isa = PBXBuildFile; fileRef = 0104271127F2CFFC00C1CD5D /* Assets.xcassets */; };
		0104271527F2CFFC00C1CD5D /* LaunchScreen.storyboard in Resources */ = {isa = PBXBuildFile; fileRef = 0104271327F2CFFC00C1CD5D /* LaunchScreen.storyboard */; };
		690DF86E7C0CFFE3447A1A00 /* Pods_PreheaderTest.framework in Frameworks */ = {isa = PBXBuildFile; fileRef = C56351776A011FBB346C77CC /* Pods_PreheaderTest.framework */; };
/* End PBXBuildFile section */

/* Begin PBXFileReference section */
		0104270527F2CFFB00C1CD5D /* PreheaderTest.app */ = {isa = PBXFileReference; explicitFileType = wrapper.application; includeInIndex = 0; path = PreheaderTest.app; sourceTree = BUILT_PRODUCTS_DIR; };
		0104270827F2CFFB00C1CD5D /* AppDelegate.swift */ = {isa = PBXFileReference; lastKnownFileType = sourcecode.swift; path = AppDelegate.swift; sourceTree = "<group>"; };
		0104270A27F2CFFB00C1CD5D /* SceneDelegate.swift */ = {isa = PBXFileReference; lastKnownFileType = sourcecode.swift; path = SceneDelegate.swift; sourceTree = "<group>"; };
		0104270C27F2CFFB00C1CD5D /* ViewController.swift */ = {isa = PBXFileReference; lastKnownFileType = sourcecode.swift; path = ViewController.swift; sourceTree = "<group>"; };
		0104270F27F2CFFB00C1CD5D /* Base */ = {isa = PBXFileReference; lastKnownFileType = file.storyboard; name = Base; path = Base.lproj/Main.storyboard; sourceTree = "<group>"; };
		0104271127F2CFFC00C1CD5D /* Assets.xcassets */ = {isa = PBXFileReference; lastKnownFileType = folder.assetcatalog; path = Assets.xcassets; sourceTree = "<group>"; };
		0104271427F2CFFC00C1CD5D /* Base */ = {isa = PBXFileReference; lastKnownFileType = file.storyboard; name = Base; path = Base.lproj/LaunchScreen.storyboard; sourceTree = "<group>"; };
		0104271627F2CFFC00C1CD5D /* Info.plist */ = {isa = PBXFileReference; lastKnownFileType = text.plist.xml; path = Info.plist; sourceTree = "<group>"; };
		01774B3227F2D1B4009C3489 /* PrefixHeader.pch */ = {isa = PBXFileReference; lastKnownFileType = sourcecode.c.h; path = PrefixHeader.pch; sourceTree = "<group>"; };
		0B191F44EE0EA6854F1CFE99 /* Pods-PreheaderTest.release.xcconfig */ = {isa = PBXFileReference; includeInIndex = 1; lastKnownFileType = text.xcconfig; name = "Pods-PreheaderTest.release.xcconfig"; path = "Target Support Files/Pods-PreheaderTest/Pods-PreheaderTest.release.xcconfig"; sourceTree = "<group>"; };
		C56351776A011FBB346C77CC /* Pods_PreheaderTest.framework */ = {isa = PBXFileReference; explicitFileType = wrapper.framework; includeInIndex = 0; path = Pods_PreheaderTest.framework; sourceTree = BUILT_PRODUCTS_DIR; };
		CF9462FA17E9AFC5C6DB258A /* Pods-PreheaderTest.debug.xcconfig */ = {isa = PBXFileReference; includeInIndex = 1; lastKnownFileType = text.xcconfig; name = "Pods-PreheaderTest.debug.xcconfig"; path = "Target Support Files/Pods-PreheaderTest/Pods-PreheaderTest.debug.xcconfig"; sourceTree = "<group>"; };
/* End PBXFileReference section */

/* Begin PBXFrameworksBuildPhase section */
		0104270227F2CFFB00C1CD5D /* Frameworks */ = {
			isa = PBXFrameworksBuildPhase;
			buildActionMask = 2147483647;
			files = (
				690DF86E7C0CFFE3447A1A00 /* Pods_PreheaderTest.framework in Frameworks */,
			);
			runOnlyForDeploymentPostprocessing = 0;
		};
/* End PBXFrameworksBuildPhase section */

/* Begin PBXGroup section */
		010426FC27F2CFFB00C1CD5D = {
			isa = PBXGroup;
			children = (
				0104270727F2CFFB00C1CD5D /* PreheaderTest */,
				0104270627F2CFFB00C1CD5D /* Products */,
				2F5F344FC1C029EBC2C32D3D /* Pods */,
				5D20223353CC506DAC2364D0 /* Frameworks */,
			);
			sourceTree = "<group>";
		};
		0104270627F2CFFB00C1CD5D /* Products */ = {
			isa = PBXGroup;
			children = (
				0104270527F2CFFB00C1CD5D /* PreheaderTest.app */,
			);
			name = Products;
			sourceTree = "<group>";
		};
		0104270727F2CFFB00C1CD5D /* PreheaderTest */ = {
			isa = PBXGroup;
			children = (
				01774B3227F2D1B4009C3489 /* PrefixHeader.pch */,
				0104270827F2CFFB00C1CD5D /* AppDelegate.swift */,
				0104270A27F2CFFB00C1CD5D /* SceneDelegate.swift */,
				0104270C27F2CFFB00C1CD5D /* ViewController.swift */,
				0104270E27F2CFFB00C1CD5D /* Main.storyboard */,
				0104271127F2CFFC00C1CD5D /* Assets.xcassets */,
				0104271327F2CFFC00C1CD5D /* LaunchScreen.storyboard */,
				0104271627F2CFFC00C1CD5D /* Info.plist */,
			);
			path = PreheaderTest;
			sourceTree = "<group>";
		};
		2F5F344FC1C029EBC2C32D3D /* Pods */ = {
			isa = PBXGroup;
			children = (
				CF9462FA17E9AFC5C6DB258A /* Pods-PreheaderTest.debug.xcconfig */,
				0B191F44EE0EA6854F1CFE99 /* Pods-PreheaderTest.release.xcconfig */,
			);
			path = Pods;
			sourceTree = "<group>";
		};
		5D20223353CC506DAC2364D0 /* Frameworks */ = {
			isa = PBXGroup;
			children = (
				C56351776A011FBB346C77CC /* Pods_PreheaderTest.framework */,
			);
			name = Frameworks;
			sourceTree = "<group>";
		};
/* End PBXGroup section */

/* Begin PBXNativeTarget section */
		0104270427F2CFFB00C1CD5D /* PreheaderTest */ = {
			isa = PBXNativeTarget;
			buildConfigurationList = 0104271927F2CFFC00C1CD5D /* Build configuration list for PBXNativeTarget "PreheaderTest" */;
			buildPhases = (
				F0122F77C6FA1A35425709B8 /* [CP] Check Pods Manifest.lock */,
				0104270127F2CFFB00C1CD5D /* Sources */,
				0104270227F2CFFB00C1CD5D /* Frameworks */,
				0104270327F2CFFB00C1CD5D /* Resources */,
				BDB8B8C303E70DB7117B0FCF /* [CP] Embed Pods Frameworks */,
			);
			buildRules = (
			);
			dependencies = (
			);
			name = PreheaderTest;
			productName = PreheaderTest;
			productReference = 0104270527F2CFFB00C1CD5D /* PreheaderTest.app */;
			productType = "com.apple.product-type.application";
		};
/* End PBXNativeTarget section */

/* Begin PBXProject section */
		010426FD27F2CFFB00C1CD5D /* Project object */ = {
			isa = PBXProject;
			attributes = {
				BuildIndependentTargetsInParallel = 1;
				LastSwiftUpdateCheck = 1320;
				LastUpgradeCheck = 1320;
				TargetAttributes = {
					0104270427F2CFFB00C1CD5D = {
						CreatedOnToolsVersion = 13.2.1;
					};
				};
			};
			buildConfigurationList = 0104270027F2CFFB00C1CD5D /* Build configuration list for PBXProject "PreheaderTest" */;
			compatibilityVersion = "Xcode 13.0";
			developmentRegion = en;
			hasScannedForEncodings = 0;
			knownRegions = (
				en,
				Base,
			);
			mainGroup = 010426FC27F2CFFB00C1CD5D;
			productRefGroup = 0104270627F2CFFB00C1CD5D /* Products */;
			projectDirPath = "";
			projectRoot = "";
			targets = (
				0104270427F2CFFB00C1CD5D /* PreheaderTest */,
			);
		};
/* End PBXProject section */

/* Begin PBXResourcesBuildPhase section */
		0104270327F2CFFB00C1CD5D /* Resources */ = {
			isa = PBXResourcesBuildPhase;
			buildActionMask = 2147483647;
			files = (
				0104271527F2CFFC00C1CD5D /* LaunchScreen.storyboard in Resources */,
				0104271227F2CFFC00C1CD5D /* Assets.xcassets in Resources */,
				0104271027F2CFFB00C1CD5D /* Main.storyboard in Resources */,
			);
			runOnlyForDeploymentPostprocessing = 0;
		};
/* End PBXResourcesBuildPhase section */

/* Begin PBXShellScriptBuildPhase section */
		BDB8B8C303E70DB7117B0FCF /* [CP] Embed Pods Frameworks */ = {
			isa = PBXShellScriptBuildPhase;
			buildActionMask = 2147483647;
			files = (
			);
			inputFileListPaths = (
				"${PODS_ROOT}/Target Support Files/Pods-PreheaderTest/Pods-PreheaderTest-frameworks-${CONFIGURATION}-input-files.xcfilelist",
			);
			name = "[CP] Embed Pods Frameworks";
			outputFileListPaths = (
				"${PODS_ROOT}/Target Support Files/Pods-PreheaderTest/Pods-PreheaderTest-frameworks-${CONFIGURATION}-output-files.xcfilelist",
			);
			runOnlyForDeploymentPostprocessing = 0;
			shellPath = /bin/sh;
			shellScript = "\"${PODS_ROOT}/Target Support Files/Pods-PreheaderTest/Pods-PreheaderTest-frameworks.sh\"\n";
			showEnvVarsInLog = 0;
		};
		F0122F77C6FA1A35425709B8 /* [CP] Check Pods Manifest.lock */ = {
			isa = PBXShellScriptBuildPhase;
			buildActionMask = 2147483647;
			files = (
			);
			inputFileListPaths = (
			);
			inputPaths = (
				"${PODS_PODFILE_DIR_PATH}/Podfile.lock",
				"${PODS_ROOT}/Manifest.lock",
			);
			name = "[CP] Check Pods Manifest.lock";
			outputFileListPaths = (
			);
			outputPaths = (
				"$(DERIVED_FILE_DIR)/Pods-PreheaderTest-checkManifestLockResult.txt",
			);
			runOnlyForDeploymentPostprocessing = 0;
			shellPath = /bin/sh;
			shellScript = "diff \"${PODS_PODFILE_DIR_PATH}/Podfile.lock\" \"${PODS_ROOT}/Manifest.lock\" > /dev/null\nif [ $? != 0 ] ; then\n    # print error to STDERR\n    echo \"error: The sandbox is not in sync with the Podfile.lock. Run 'pod install' or update your CocoaPods installation.\" >&2\n    exit 1\nfi\n# This output is used by Xcode 'outputs' to avoid re-running this script phase.\necho \"SUCCESS\" > \"${SCRIPT_OUTPUT_FILE_0}\"\n";
			showEnvVarsInLog = 0;
		};
/* End PBXShellScriptBuildPhase section */

/* Begin PBXSourcesBuildPhase section */
		0104270127F2CFFB00C1CD5D /* Sources */ = {
			isa = PBXSourcesBuildPhase;
			buildActionMask = 2147483647;
			files = (
				0104270D27F2CFFB00C1CD5D /* ViewController.swift in Sources */,
				0104270927F2CFFB00C1CD5D /* AppDelegate.swift in Sources */,
				0104270B27F2CFFB00C1CD5D /* SceneDelegate.swift in Sources */,
			);
			runOnlyForDeploymentPostprocessing = 0;
		};
/* End PBXSourcesBuildPhase section */

/* Begin PBXVariantGroup section */
		0104270E27F2CFFB00C1CD5D /* Main.storyboard */ = {
			isa = PBXVariantGroup;
			children = (
				0104270F27F2CFFB00C1CD5D /* Base */,
			);
			name = Main.storyboard;
			sourceTree = "<group>";
		};
		0104271327F2CFFC00C1CD5D /* LaunchScreen.storyboard */ = {
			isa = PBXVariantGroup;
			children = (
				0104271427F2CFFC00C1CD5D /* Base */,
			);
			name = LaunchScreen.storyboard;
			sourceTree = "<group>";
		};
/* End PBXVariantGroup section */

/* Begin XCBuildConfiguration section */
		0104271727F2CFFC00C1CD5D /* Debug */ = {
			isa = XCBuildConfiguration;
			buildSettings = {
				ALWAYS_SEARCH_USER_PATHS = NO;
				CLANG_ANALYZER_NONNULL = YES;
				CLANG_ANALYZER_NUMBER_OBJECT_CONVERSION = YES_AGGRESSIVE;
				CLANG_CXX_LANGUAGE_STANDARD = "gnu++17";
				CLANG_CXX_LIBRARY = "libc++";
				CLANG_ENABLE_MODULES = YES;
				CLANG_ENABLE_OBJC_ARC = YES;
				CLANG_ENABLE_OBJC_WEAK = YES;
				CLANG_WARN_BLOCK_CAPTURE_AUTORELEASING = YES;
				CLANG_WARN_BOOL_CONVERSION = YES;
				CLANG_WARN_COMMA = YES;
				CLANG_WARN_CONSTANT_CONVERSION = YES;
				CLANG_WARN_DEPRECATED_OBJC_IMPLEMENTATIONS = YES;
				CLANG_WARN_DIRECT_OBJC_ISA_USAGE = YES_ERROR;
				CLANG_WARN_DOCUMENTATION_COMMENTS = YES;
				CLANG_WARN_EMPTY_BODY = YES;
				CLANG_WARN_ENUM_CONVERSION = YES;
				CLANG_WARN_INFINITE_RECURSION = YES;
				CLANG_WARN_INT_CONVERSION = YES;
				CLANG_WARN_NON_LITERAL_NULL_CONVERSION = YES;
				CLANG_WARN_OBJC_IMPLICIT_RETAIN_SELF = YES;
				CLANG_WARN_OBJC_LITERAL_CONVERSION = YES;
				CLANG_WARN_OBJC_ROOT_CLASS = YES_ERROR;
				CLANG_WARN_QUOTED_INCLUDE_IN_FRAMEWORK_HEADER = YES;
				CLANG_WARN_RANGE_LOOP_ANALYSIS = YES;
				CLANG_WARN_STRICT_PROTOTYPES = YES;
				CLANG_WARN_SUSPICIOUS_MOVE = YES;
				CLANG_WARN_UNGUARDED_AVAILABILITY = YES_AGGRESSIVE;
				CLANG_WARN_UNREACHABLE_CODE = YES;
				CLANG_WARN__DUPLICATE_METHOD_MATCH = YES;
				COPY_PHASE_STRIP = NO;
				DEBUG_INFORMATION_FORMAT = dwarf;
				ENABLE_STRICT_OBJC_MSGSEND = YES;
				ENABLE_TESTABILITY = YES;
				GCC_C_LANGUAGE_STANDARD = gnu11;
				GCC_DYNAMIC_NO_PIC = NO;
				GCC_NO_COMMON_BLOCKS = YES;
				GCC_OPTIMIZATION_LEVEL = 0;
				GCC_PREPROCESSOR_DEFINITIONS = (
					"DEBUG=1",
					"$(inherited)",
				);
				GCC_WARN_64_TO_32_BIT_CONVERSION = YES;
				GCC_WARN_ABOUT_RETURN_TYPE = YES_ERROR;
				GCC_WARN_UNDECLARED_SELECTOR = YES;
				GCC_WARN_UNINITIALIZED_AUTOS = YES_AGGRESSIVE;
				GCC_WARN_UNUSED_FUNCTION = YES;
				GCC_WARN_UNUSED_VARIABLE = YES;
				IPHONEOS_DEPLOYMENT_TARGET = 15.2;
				MTL_ENABLE_DEBUG_INFO = INCLUDE_SOURCE;
				MTL_FAST_MATH = YES;
				ONLY_ACTIVE_ARCH = YES;
				SDKROOT = iphoneos;
				SWIFT_ACTIVE_COMPILATION_CONDITIONS = DEBUG;
				SWIFT_OPTIMIZATION_LEVEL = "-Onone";
			};
			name = Debug;
		};
		0104271827F2CFFC00C1CD5D /* Release */ = {
			isa = XCBuildConfiguration;
			buildSettings = {
				ALWAYS_SEARCH_USER_PATHS = NO;
				CLANG_ANALYZER_NONNULL = YES;
				CLANG_ANALYZER_NUMBER_OBJECT_CONVERSION = YES_AGGRESSIVE;
				CLANG_CXX_LANGUAGE_STANDARD = "gnu++17";
				CLANG_CXX_LIBRARY = "libc++";
				CLANG_ENABLE_MODULES = YES;
				CLANG_ENABLE_OBJC_ARC = YES;
				CLANG_ENABLE_OBJC_WEAK = YES;
				CLANG_WARN_BLOCK_CAPTURE_AUTORELEASING = YES;
				CLANG_WARN_BOOL_CONVERSION = YES;
				CLANG_WARN_COMMA = YES;
				CLANG_WARN_CONSTANT_CONVERSION = YES;
				CLANG_WARN_DEPRECATED_OBJC_IMPLEMENTATIONS = YES;
				CLANG_WARN_DIRECT_OBJC_ISA_USAGE = YES_ERROR;
				CLANG_WARN_DOCUMENTATION_COMMENTS = YES;
				CLANG_WARN_EMPTY_BODY = YES;
				CLANG_WARN_ENUM_CONVERSION = YES;
				CLANG_WARN_INFINITE_RECURSION = YES;
				CLANG_WARN_INT_CONVERSION = YES;
				CLANG_WARN_NON_LITERAL_NULL_CONVERSION = YES;
				CLANG_WARN_OBJC_IMPLICIT_RETAIN_SELF = YES;
				CLANG_WARN_OBJC_LITERAL_CONVERSION = YES;
				CLANG_WARN_OBJC_ROOT_CLASS = YES_ERROR;
				CLANG_WARN_QUOTED_INCLUDE_IN_FRAMEWORK_HEADER = YES;
				CLANG_WARN_RANGE_LOOP_ANALYSIS = YES;
				CLANG_WARN_STRICT_PROTOTYPES = YES;
				CLANG_WARN_SUSPICIOUS_MOVE = YES;
				CLANG_WARN_UNGUARDED_AVAILABILITY = YES_AGGRESSIVE;
				CLANG_WARN_UNREACHABLE_CODE = YES;
				CLANG_WARN__DUPLICATE_METHOD_MATCH = YES;
				COPY_PHASE_STRIP = NO;
				DEBUG_INFORMATION_FORMAT = "dwarf-with-dsym";
				ENABLE_NS_ASSERTIONS = NO;
				ENABLE_STRICT_OBJC_MSGSEND = YES;
				GCC_C_LANGUAGE_STANDARD = gnu11;
				GCC_NO_COMMON_BLOCKS = YES;
				GCC_WARN_64_TO_32_BIT_CONVERSION = YES;
				GCC_WARN_ABOUT_RETURN_TYPE = YES_ERROR;
				GCC_WARN_UNDECLARED_SELECTOR = YES;
				GCC_WARN_UNINITIALIZED_AUTOS = YES_AGGRESSIVE;
				GCC_WARN_UNUSED_FUNCTION = YES;
				GCC_WARN_UNUSED_VARIABLE = YES;
				IPHONEOS_DEPLOYMENT_TARGET = 15.2;
				MTL_ENABLE_DEBUG_INFO = NO;
				MTL_FAST_MATH = YES;
				SDKROOT = iphoneos;
				SWIFT_COMPILATION_MODE = wholemodule;
				SWIFT_OPTIMIZATION_LEVEL = "-O";
				VALIDATE_PRODUCT = YES;
			};
			name = Release;
		};
		0104271A27F2CFFC00C1CD5D /* Debug */ = {
			isa = XCBuildConfiguration;
			baseConfigurationReference = CF9462FA17E9AFC5C6DB258A /* Pods-PreheaderTest.debug.xcconfig */;
			buildSettings = {
				ASSETCATALOG_COMPILER_APPICON_NAME = AppIcon;
				ASSETCATALOG_COMPILER_GLOBAL_ACCENT_COLOR_NAME = AccentColor;
				CODE_SIGN_STYLE = Automatic;
				CURRENT_PROJECT_VERSION = 1;
				DEVELOPMENT_TEAM = XP44KJ6JB3;
				GCC_PRECOMPILE_PREFIX_HEADER = YES;
				GCC_PREFIX_HEADER = PreheaderTest/PrefixHeader.pch;
				GENERATE_INFOPLIST_FILE = YES;
				INFOPLIST_FILE = PreheaderTest/Info.plist;
				INFOPLIST_KEY_UIApplicationSupportsIndirectInputEvents = YES;
				INFOPLIST_KEY_UILaunchStoryboardName = LaunchScreen;
				INFOPLIST_KEY_UIMainStoryboardFile = Main;
				INFOPLIST_KEY_UISupportedInterfaceOrientations_iPad = "UIInterfaceOrientationPortrait UIInterfaceOrientationPortraitUpsideDown UIInterfaceOrientationLandscapeLeft UIInterfaceOrientationLandscapeRight";
				INFOPLIST_KEY_UISupportedInterfaceOrientations_iPhone = "UIInterfaceOrientationPortrait UIInterfaceOrientationLandscapeLeft UIInterfaceOrientationLandscapeRight";
				LD_RUNPATH_SEARCH_PATHS = (
					"$(inherited)",
					"@executable_path/Frameworks",
				);
				MARKETING_VERSION = 1.0;
				PRODUCT_BUNDLE_IDENTIFIER = com.ywangnon.PreheaderTest;
				PRODUCT_NAME = "$(TARGET_NAME)";
				SWIFT_EMIT_LOC_STRINGS = YES;
				SWIFT_VERSION = 5.0;
				TARGETED_DEVICE_FAMILY = "1,2";
			};
			name = Debug;
		};
		0104271B27F2CFFC00C1CD5D /* Release */ = {
			isa = XCBuildConfiguration;
			baseConfigurationReference = 0B191F44EE0EA6854F1CFE99 /* Pods-PreheaderTest.release.xcconfig */;
			buildSettings = {
				ASSETCATALOG_COMPILER_APPICON_NAME = AppIcon;
				ASSETCATALOG_COMPILER_GLOBAL_ACCENT_COLOR_NAME = AccentColor;
				CODE_SIGN_STYLE = Automatic;
				CURRENT_PROJECT_VERSION = 1;
				DEVELOPMENT_TEAM = XP44KJ6JB3;
				GCC_PRECOMPILE_PREFIX_HEADER = YES;
				GCC_PREFIX_HEADER = PreheaderTest/PrefixHeader.pch;
				GENERATE_INFOPLIST_FILE = YES;
				INFOPLIST_FILE = PreheaderTest/Info.plist;
				INFOPLIST_KEY_UIApplicationSupportsIndirectInputEvents = YES;
				INFOPLIST_KEY_UILaunchStoryboardName = LaunchScreen;
				INFOPLIST_KEY_UIMainStoryboardFile = Main;
				INFOPLIST_KEY_UISupportedInterfaceOrientations_iPad = "UIInterfaceOrientationPortrait UIInterfaceOrientationPortraitUpsideDown UIInterfaceOrientationLandscapeLeft UIInterfaceOrientationLandscapeRight";
				INFOPLIST_KEY_UISupportedInterfaceOrientations_iPhone = "UIInterfaceOrientationPortrait UIInterfaceOrientationLandscapeLeft UIInterfaceOrientationLandscapeRight";
				LD_RUNPATH_SEARCH_PATHS = (
					"$(inherited)",
					"@executable_path/Frameworks",
				);
				MARKETING_VERSION = 1.0;
				PRODUCT_BUNDLE_IDENTIFIER = com.ywangnon.PreheaderTest;
				PRODUCT_NAME = "$(TARGET_NAME)";
				SWIFT_EMIT_LOC_STRINGS = YES;
				SWIFT_VERSION = 5.0;
				TARGETED_DEVICE_FAMILY = "1,2";
			};
			name = Release;
		};
/* End XCBuildConfiguration section */

/* Begin XCConfigurationList section */
		0104270027F2CFFB00C1CD5D /* Build configuration list for PBXProject "PreheaderTest" */ = {
			isa = XCConfigurationList;
			buildConfigurations = (
				0104271727F2CFFC00C1CD5D /* Debug */,
				0104271827F2CFFC00C1CD5D /* Release */,
			);
			defaultConfigurationIsVisible = 0;
			defaultConfigurationName = Release;
		};
		0104271927F2CFFC00C1CD5D /* Build configuration list for PBXNativeTarget "PreheaderTest" */ = {
			isa = XCConfigurationList;
			buildConfigurations = (
				0104271A27F2CFFC00C1CD5D /* Debug */,
				0104271B27F2CFFC00C1CD5D /* Release */,
			);
			defaultConfigurationIsVisible = 0;
			defaultConfigurationName = Release;
		};
/* End XCConfigurationList section */
	};
	rootObject = 010426FD27F2CFFB00C1CD5D /* Project object */;
}
